
Microsoft Visual Studio Solution File, Format Version 12.00
# Visual Studio 15
VisualStudioVersion = 15.0.27130.2036
MinimumVisualStudioVersion = 10.0.40219.1
Project("{8BC9CEB8-8B4A-11D0-8D11-00A0C91BC942}") = "fibonacci", "fibonacci\fibonacci.vcxproj", "{B957EADB-E6C9-43D4-B904-77C9572A0AB1}"
EndProject
Project("{8BC9CEB8-8B4A-11D0-8D11-00A0C91BC942}") = "sort", "sort\sort.vcxproj", "{84E383C2-5012-4ACF-BF3D-65EAB77FA800}"
EndProject
Project("{8BC9CEB8-8B4A-11D0-8D11-00A0C91BC942}") = "vector", "vector\vector.vcxproj", "{FFF5A66D-DB20-48E2-9419-562250CEA8BD}"
EndProject
Global
	GlobalSection(SolutionConfigurationPlatforms) = preSolution
		Debug|x64 = Debug|x64
		Debug|x86 = Debug|x86
		Release|x64 = Release|x64
		Release|x86 = Release|x86
	EndGlobalSection
	GlobalSection(ProjectConfigurationPlatforms) = postSolution
		{B957EADB-E6C9-43D4-B904-77C9572A0AB1}.Debug|x64.ActiveCfg = Debug|x64
		{B957EADB-E6C9-43D4-B904-77C9572A0AB1}.Debug|x64.Build.0 = Debug|x64
		{B957EADB-E6C9-43D4-B904-77C9572A0AB1}.Debug|x86.ActiveCfg = Debug|Win32
		{B957EADB-E6C9-43D4-B904-77C9572A0AB1}.Debug|x86.Build.0 = Debug|Win32
		{B957EADB-E6C9-43D4-B904-77C9572A0AB1}.Release|x64.ActiveCfg = Release|x64
		{B957EADB-E6C9-43D4-B904-77C9572A0AB1}.Release|x64.Build.0 = Release|x64
		{B957EADB-E6C9-43D4-B904-77C9572A0AB1}.Release|x86.ActiveCfg = Release|Win32
		{B957EADB-E6C9-43D4-B904-77C9572A0AB1}.Release|x86.Build.0 = Release|Win32
		{84E383C2-5012-4ACF-BF3D-65EAB77FA800}.Debug|x64.ActiveCfg = Debug|x64
		{84E383C2-5012-4ACF-BF3D-65EAB77FA800}.Debug|x64.Build.0 = Debug|x64
		{84E383C2-5012-4ACF-BF3D-65EAB77FA800}.Debug|x86.ActiveCfg = Debug|Win32
		{84E383C2-5012-4ACF-BF3D-65EAB77FA800}.Debug|x86.Build.0 = Debug|Win32
		{84E383C2-5012-4ACF-BF3D-65EAB77FA800}.Release|x64.ActiveCfg = Release|x64
		{84E383C2-5012-4ACF-BF3D-65EAB77FA800}.Release|x64.Build.0 = Release|x64
		{84E383C2-5012-4ACF-BF3D-65EAB77FA800}.Release|x86.ActiveCfg = Release|Win32
		{84E383C2-5012-4ACF-BF3D-65EAB77FA800}.Release|x86.Build.0 = Release|Win32
		{FFF5A66D-DB20-48E2-9419-562250CEA8BD}.Debug|x64.ActiveCfg = Debug|x64
		{FFF5A66D-DB20-48E2-9419-562250CEA8BD}.Debug|x64.Build.0 = Debug|x64
		{FFF5A66D-DB20-48E2-9419-562250CEA8BD}.Debug|x86.ActiveCfg = Debug|Win32
		{FFF5A66D-DB20-48E2-9419-562250CEA8BD}.Debug|x86.Build.0 = Debug|Win32
		{FFF5A66D-DB20-48E2-9419-562250CEA8BD}.Release|x64.ActiveCfg = Release|x64
		{FFF5A66D-DB20-48E2-9419-562250CEA8BD}.Release|x64.Build.0 = Release|x64
		{FFF5A66D-DB20-48E2-9419-562250CEA8BD}.Release|x86.ActiveCfg = Release|Win32
		{FFF5A66D-DB20-48E2-9419-562250CEA8BD}.Release|x86.Build.0 = Release|Win32
	EndGlobalSection
	GlobalSection(SolutionProperties) = preSolution
		HideSolutionNode = FALSE
	EndGlobalSection
	GlobalSection(ExtensibilityGlobals) = postSolution
		SolutionGuid = {B8353504-1245-4B2D-87F3-D69A13380280}
	EndGlobalSection
EndGlobal
